
Microsoft Visual Studio Solution File, Format Version 12.00
# Visual Studio 15
Project("{FAE04EC0-301F-11D3-BF4B-00C04F79EFBC}") = "DotNetAuthorizeFunction", "DotNetAuthorizeFunction.csproj", "{FA7E918B-DB68-4EA4-92C1-819B973FBA52}"
EndProject
Global
	GlobalSection(SolutionConfigurationPlatforms) = preSolution
		Debug|Any CPU = Debug|Any CPU
		Release|Any CPU = Release|Any CPU
	EndGlobalSection
	GlobalSection(ProjectConfigurationPlatforms) = postSolution
		{FA7E918B-DB68-4EA4-92C1-819B973FBA52}.Debug|Any CPU.ActiveCfg = Debug|Any CPU
		{FA7E918B-DB68-4EA4-92C1-819B973FBA52}.Debug|Any CPU.Build.0 = Debug|Any CPU
		{FA7E918B-DB68-4EA4-92C1-819B973FBA52}.Release|Any CPU.ActiveCfg = Release|Any CPU
		{FA7E918B-DB68-4EA4-92C1-819B973FBA52}.Release|Any CPU.Build.0 = Release|Any CPU
	EndGlobalSection
EndGlobal
